
Microsoft Visual Studio Solution File, Format Version 12.00
# Visual Studio Version 17
VisualStudioVersion = 17.2.32519.379
MinimumVisualStudioVersion = 10.0.40219.1
Project("{FAE04EC0-301F-11D3-BF4B-00C04F79EFBC}") = "Api", "Api\Api.csproj", "{1DF473E9-1F45-445E-A6D4-75D3A87072A2}"
EndProject
Global
	GlobalSection(SolutionConfigurationPlatforms) = preSolution
		Debug|Any CPU = Debug|Any CPU
		Release|Any CPU = Release|Any CPU
	EndGlobalSection
	GlobalSection(ProjectConfigurationPlatforms) = postSolution
		{1DF473E9-1F45-445E-A6D4-75D3A87072A2}.Debug|Any CPU.ActiveCfg = Debug|Any CPU
		{1DF473E9-1F45-445E-A6D4-75D3A87072A2}.Debug|Any CPU.Build.0 = Debug|Any CPU
		{1DF473E9-1F45-445E-A6D4-75D3A87072A2}.Release|Any CPU.ActiveCfg = Release|Any CPU
		{1DF473E9-1F45-445E-A6D4-75D3A87072A2}.Release|Any CPU.Build.0 = Release|Any CPU
	EndGlobalSection
	GlobalSection(SolutionProperties) = preSolution
		HideSolutionNode = FALSE
	EndGlobalSection
	GlobalSection(ExtensibilityGlobals) = postSolution
		SolutionGuid = {975DB3B9-9AE8-4AD2-8982-F15CCA78267F}
	EndGlobalSection
EndGlobal
